
Microsoft Visual Studio Solution File, Format Version 12.00
# Visual Studio Version 17
VisualStudioVersion = 17.6.33829.357
MinimumVisualStudioVersion = 10.0.40219.1
Project("{FAE04EC0-301F-11D3-BF4B-00C04F79EFBC}") = "HelloSpeech", "HelloSpeech\HelloSpeech.csproj", "{2E38045D-61A8-4B1C-9007-38F227AB89A0}"
EndProject
Global
	GlobalSection(SolutionConfigurationPlatforms) = preSolution
		Debug|Any CPU = Debug|Any CPU
		Release|Any CPU = Release|Any CPU
	EndGlobalSection
	GlobalSection(ProjectConfigurationPlatforms) = postSolution
		{2E38045D-61A8-4B1C-9007-38F227AB89A0}.Debug|Any CPU.ActiveCfg = Debug|Any CPU
		{2E38045D-61A8-4B1C-9007-38F227AB89A0}.Debug|Any CPU.Build.0 = Debug|Any CPU
		{2E38045D-61A8-4B1C-9007-38F227AB89A0}.Release|Any CPU.ActiveCfg = Release|Any CPU
		{2E38045D-61A8-4B1C-9007-38F227AB89A0}.Release|Any CPU.Build.0 = Release|Any CPU
	EndGlobalSection
	GlobalSection(SolutionProperties) = preSolution
		HideSolutionNode = FALSE
	EndGlobalSection
	GlobalSection(ExtensibilityGlobals) = postSolution
		SolutionGuid = {0F1D5291-3257-4276-A737-7D1FFE31BD0E}
	EndGlobalSection
EndGlobal
